
Microsoft Visual Studio Solution File, Format Version 12.00
# Visual Studio Version 17
VisualStudioVersion = 17.0.31903.59
MinimumVisualStudioVersion = 10.0.40219.1
Project("{2150E333-8FDC-42A3-9474-1A3956D46DE8}") = "src", "src", "{827E0CD3-B72D-47B6-A68D-7590B98EB39B}"
EndProject
Project("{FAE04EC0-301F-11D3-BF4B-00C04F79EFBC}") = "TaskManagement.Domain", "src\TaskManagement.Domain\TaskManagement.Domain.csproj", "{1FE74123-A34A-4FB8-B197-3FC06DA9FA74}"
EndProject
Project("{FAE04EC0-301F-11D3-BF4B-00C04F79EFBC}") = "TaskManagement.Application", "src\TaskManagement.Application\TaskManagement.Application.csproj", "{2734DB87-F4E9-4388-BD2F-E2A0DB466813}"
EndProject
Project("{FAE04EC0-301F-11D3-BF4B-00C04F79EFBC}") = "TaskManagement.Infrastructure", "src\TaskManagement.Infrastructure\TaskManagement.Infrastructure.csproj", "{B391E074-B8A6-4595-AD10-1B6020FF752C}"
EndProject
Project("{FAE04EC0-301F-11D3-BF4B-00C04F79EFBC}") = "TaskManagement.API", "src\TaskManagement.API\TaskManagement.API.csproj", "{B5D1FE46-59A0-4897-B0CB-E6E69606B9F0}"
EndProject
Project("{2150E333-8FDC-42A3-9474-1A3956D46DE8}") = "tests", "tests", "{0AB3BF05-4346-4AA6-1389-037BE0695223}"
EndProject
Project("{FAE04EC0-301F-11D3-BF4B-00C04F79EFBC}") = "TaskManagement.Domain.Tests", "tests\TaskManagement.Domain.Tests\TaskManagement.Domain.Tests.csproj", "{E2D30BB0-3645-4760-AD4A-7E3EA1384BB3}"
EndProject
Project("{FAE04EC0-301F-11D3-BF4B-00C04F79EFBC}") = "TaskManagement.Application.Tests", "tests\TaskManagement.Application.Tests\TaskManagement.Application.Tests.csproj", "{7D37433C-F579-40A8-B011-A394845C6F74}"
EndProject
Global
	GlobalSection(SolutionConfigurationPlatforms) = preSolution
		Debug|Any CPU = Debug|Any CPU
		Debug|x64 = Debug|x64
		Debug|x86 = Debug|x86
		Release|Any CPU = Release|Any CPU
		Release|x64 = Release|x64
		Release|x86 = Release|x86
	EndGlobalSection
	GlobalSection(ProjectConfigurationPlatforms) = postSolution
		{1FE74123-A34A-4FB8-B197-3FC06DA9FA74}.Debug|Any CPU.ActiveCfg = Debug|Any CPU
		{1FE74123-A34A-4FB8-B197-3FC06DA9FA74}.Debug|Any CPU.Build.0 = Debug|Any CPU
		{1FE74123-A34A-4FB8-B197-3FC06DA9FA74}.Debug|x64.ActiveCfg = Debug|Any CPU
		{1FE74123-A34A-4FB8-B197-3FC06DA9FA74}.Debug|x64.Build.0 = Debug|Any CPU
		{1FE74123-A34A-4FB8-B197-3FC06DA9FA74}.Debug|x86.ActiveCfg = Debug|Any CPU
		{1FE74123-A34A-4FB8-B197-3FC06DA9FA74}.Debug|x86.Build.0 = Debug|Any CPU
		{1FE74123-A34A-4FB8-B197-3FC06DA9FA74}.Release|Any CPU.ActiveCfg = Release|Any CPU
		{1FE74123-A34A-4FB8-B197-3FC06DA9FA74}.Release|Any CPU.Build.0 = Release|Any CPU
		{1FE74123-A34A-4FB8-B197-3FC06DA9FA74}.Release|x64.ActiveCfg = Release|Any CPU
		{1FE74123-A34A-4FB8-B197-3FC06DA9FA74}.Release|x64.Build.0 = Release|Any CPU
		{1FE74123-A34A-4FB8-B197-3FC06DA9FA74}.Release|x86.ActiveCfg = Release|Any CPU
		{1FE74123-A34A-4FB8-B197-3FC06DA9FA74}.Release|x86.Build.0 = Release|Any CPU
		{2734DB87-F4E9-4388-BD2F-E2A0DB466813}.Debug|Any CPU.ActiveCfg = Debug|Any CPU
		{2734DB87-F4E9-4388-BD2F-E2A0DB466813}.Debug|Any CPU.Build.0 = Debug|Any CPU
		{2734DB87-F4E9-4388-BD2F-E2A0DB466813}.Debug|x64.ActiveCfg = Debug|Any CPU
		{2734DB87-F4E9-4388-BD2F-E2A0DB466813}.Debug|x64.Build.0 = Debug|Any CPU
		{2734DB87-F4E9-4388-BD2F-E2A0DB466813}.Debug|x86.ActiveCfg = Debug|Any CPU
		{2734DB87-F4E9-4388-BD2F-E2A0DB466813}.Debug|x86.Build.0 = Debug|Any CPU
		{2734DB87-F4E9-4388-BD2F-E2A0DB466813}.Release|Any CPU.ActiveCfg = Release|Any CPU
		{2734DB87-F4E9-4388-BD2F-E2A0DB466813}.Release|Any CPU.Build.0 = Release|Any CPU
		{2734DB87-F4E9-4388-BD2F-E2A0DB466813}.Release|x64.ActiveCfg = Release|Any CPU
		{2734DB87-F4E9-4388-BD2F-E2A0DB466813}.Release|x64.Build.0 = Release|Any CPU
		{2734DB87-F4E9-4388-BD2F-E2A0DB466813}.Release|x86.ActiveCfg = Release|Any CPU
		{2734DB87-F4E9-4388-BD2F-E2A0DB466813}.Release|x86.Build.0 = Release|Any CPU
		{B391E074-B8A6-4595-AD10-1B6020FF752C}.Debug|Any CPU.ActiveCfg = Debug|Any CPU
		{B391E074-B8A6-4595-AD10-1B6020FF752C}.Debug|Any CPU.Build.0 = Debug|Any CPU
		{B391E074-B8A6-4595-AD10-1B6020FF752C}.Debug|x64.ActiveCfg = Debug|Any CPU
		{B391E074-B8A6-4595-AD10-1B6020FF752C}.Debug|x64.Build.0 = Debug|Any CPU
		{B391E074-B8A6-4595-AD10-1B6020FF752C}.Debug|x86.ActiveCfg = Debug|Any CPU
		{B391E074-B8A6-4595-AD10-1B6020FF752C}.Debug|x86.Build.0 = Debug|Any CPU
		{B391E074-B8A6-4595-AD10-1B6020FF752C}.Release|Any CPU.ActiveCfg = Release|Any CPU
		{B391E074-B8A6-4595-AD10-1B6020FF752C}.Release|Any CPU.Build.0 = Release|Any CPU
		{B391E074-B8A6-4595-AD10-1B6020FF752C}.Release|x64.ActiveCfg = Release|Any CPU
		{B391E074-B8A6-4595-AD10-1B6020FF752C}.Release|x64.Build.0 = Release|Any CPU
		{B391E074-B8A6-4595-AD10-1B6020FF752C}.Release|x86.ActiveCfg = Release|Any CPU
		{B391E074-B8A6-4595-AD10-1B6020FF752C}.Release|x86.Build.0 = Release|Any CPU
		{B5D1FE46-59A0-4897-B0CB-E6E69606B9F0}.Debug|Any CPU.ActiveCfg = Debug|Any CPU
		{B5D1FE46-59A0-4897-B0CB-E6E69606B9F0}.Debug|Any CPU.Build.0 = Debug|Any CPU
		{B5D1FE46-59A0-4897-B0CB-E6E69606B9F0}.Debug|x64.ActiveCfg = Debug|Any CPU
		{B5D1FE46-59A0-4897-B0CB-E6E69606B9F0}.Debug|x64.Build.0 = Debug|Any CPU
		{B5D1FE46-59A0-4897-B0CB-E6E69606B9F0}.Debug|x86.ActiveCfg = Debug|Any CPU
		{B5D1FE46-59A0-4897-B0CB-E6E69606B9F0}.Debug|x86.Build.0 = Debug|Any CPU
		{B5D1FE46-59A0-4897-B0CB-E6E69606B9F0}.Release|Any CPU.ActiveCfg = Release|Any CPU
		{B5D1FE46-59A0-4897-B0CB-E6E69606B9F0}.Release|Any CPU.Build.0 = Release|Any CPU
		{B5D1FE46-59A0-4897-B0CB-E6E69606B9F0}.Release|x64.ActiveCfg = Release|Any CPU
		{B5D1FE46-59A0-4897-B0CB-E6E69606B9F0}.Release|x64.Build.0 = Release|Any CPU
		{B5D1FE46-59A0-4897-B0CB-E6E69606B9F0}.Release|x86.ActiveCfg = Release|Any CPU
		{B5D1FE46-59A0-4897-B0CB-E6E69606B9F0}.Release|x86.Build.0 = Release|Any CPU
		{E2D30BB0-3645-4760-AD4A-7E3EA1384BB3}.Debug|Any CPU.ActiveCfg = Debug|Any CPU
		{E2D30BB0-3645-4760-AD4A-7E3EA1384BB3}.Debug|Any CPU.Build.0 = Debug|Any CPU
		{E2D30BB0-3645-4760-AD4A-7E3EA1384BB3}.Debug|x64.ActiveCfg = Debug|Any CPU
		{E2D30BB0-3645-4760-AD4A-7E3EA1384BB3}.Debug|x64.Build.0 = Debug|Any CPU
		{E2D30BB0-3645-4760-AD4A-7E3EA1384BB3}.Debug|x86.ActiveCfg = Debug|Any CPU
		{E2D30BB0-3645-4760-AD4A-7E3EA1384BB3}.Debug|x86.Build.0 = Debug|Any CPU
		{E2D30BB0-3645-4760-AD4A-7E3EA1384BB3}.Release|Any CPU.ActiveCfg = Release|Any CPU
		{E2D30BB0-3645-4760-AD4A-7E3EA1384BB3}.Release|Any CPU.Build.0 = Release|Any CPU
		{E2D30BB0-3645-4760-AD4A-7E3EA1384BB3}.Release|x64.ActiveCfg = Release|Any CPU
		{E2D30BB0-3645-4760-AD4A-7E3EA1384BB3}.Release|x64.Build.0 = Release|Any CPU
		{E2D30BB0-3645-4760-AD4A-7E3EA1384BB3}.Release|x86.ActiveCfg = Release|Any CPU
		{E2D30BB0-3645-4760-AD4A-7E3EA1384BB3}.Release|x86.Build.0 = Release|Any CPU
		{7D37433C-F579-40A8-B011-A394845C6F74}.Debug|Any CPU.ActiveCfg = Debug|Any CPU
		{7D37433C-F579-40A8-B011-A394845C6F74}.Debug|Any CPU.Build.0 = Debug|Any CPU
		{7D37433C-F579-40A8-B011-A394845C6F74}.Debug|x64.ActiveCfg = Debug|Any CPU
		{7D37433C-F579-40A8-B011-A394845C6F74}.Debug|x64.Build.0 = Debug|Any CPU
		{7D37433C-F579-40A8-B011-A394845C6F74}.Debug|x86.ActiveCfg = Debug|Any CPU
		{7D37433C-F579-40A8-B011-A394845C6F74}.Debug|x86.Build.0 = Debug|Any CPU
		{7D37433C-F579-40A8-B011-A394845C6F74}.Release|Any CPU.ActiveCfg = Release|Any CPU
		{7D37433C-F579-40A8-B011-A394845C6F74}.Release|Any CPU.Build.0 = Release|Any CPU
		{7D37433C-F579-40A8-B011-A394845C6F74}.Release|x64.ActiveCfg = Release|Any CPU
		{7D37433C-F579-40A8-B011-A394845C6F74}.Release|x64.Build.0 = Release|Any CPU
		{7D37433C-F579-40A8-B011-A394845C6F74}.Release|x86.ActiveCfg = Release|Any CPU
		{7D37433C-F579-40A8-B011-A394845C6F74}.Release|x86.Build.0 = Release|Any CPU
	EndGlobalSection
	GlobalSection(SolutionProperties) = preSolution
		HideSolutionNode = FALSE
	EndGlobalSection
	GlobalSection(NestedProjects) = preSolution
		{1FE74123-A34A-4FB8-B197-3FC06DA9FA74} = {827E0CD3-B72D-47B6-A68D-7590B98EB39B}
		{2734DB87-F4E9-4388-BD2F-E2A0DB466813} = {827E0CD3-B72D-47B6-A68D-7590B98EB39B}
		{B391E074-B8A6-4595-AD10-1B6020FF752C} = {827E0CD3-B72D-47B6-A68D-7590B98EB39B}
		{B5D1FE46-59A0-4897-B0CB-E6E69606B9F0} = {827E0CD3-B72D-47B6-A68D-7590B98EB39B}
		{E2D30BB0-3645-4760-AD4A-7E3EA1384BB3} = {0AB3BF05-4346-4AA6-1389-037BE0695223}
		{7D37433C-F579-40A8-B011-A394845C6F74} = {0AB3BF05-4346-4AA6-1389-037BE0695223}
	EndGlobalSection
EndGlobal
